
Microsoft Visual Studio Solution File, Format Version 12.00
# Visual Studio Version 16
VisualStudioVersion = 16.0.30330.147
MinimumVisualStudioVersion = 10.0.40219.1
Project("{FAE04EC0-301F-11D3-BF4B-00C04F79EFBC}") = "BinanceWallet", "BinanceWallet\BinanceWallet.csproj", "{56F871A4-B0F7-45A5-A532-42B91AC96A5A}"
EndProject
Project("{FAE04EC0-301F-11D3-BF4B-00C04F79EFBC}") = "Data", "Data\Data.csproj", "{C810FBF4-E6A5-4451-80F6-B6F79F763FFF}"
EndProject
Global
	GlobalSection(SolutionConfigurationPlatforms) = preSolution
		Debug|Any CPU = Debug|Any CPU
		Release|Any CPU = Release|Any CPU
	EndGlobalSection
	GlobalSection(ProjectConfigurationPlatforms) = postSolution
		{56F871A4-B0F7-45A5-A532-42B91AC96A5A}.Debug|Any CPU.ActiveCfg = Debug|Any CPU
		{56F871A4-B0F7-45A5-A532-42B91AC96A5A}.Debug|Any CPU.Build.0 = Debug|Any CPU
		{56F871A4-B0F7-45A5-A532-42B91AC96A5A}.Release|Any CPU.ActiveCfg = Release|Any CPU
		{56F871A4-B0F7-45A5-A532-42B91AC96A5A}.Release|Any CPU.Build.0 = Release|Any CPU
		{C810FBF4-E6A5-4451-80F6-B6F79F763FFF}.Debug|Any CPU.ActiveCfg = Debug|Any CPU
		{C810FBF4-E6A5-4451-80F6-B6F79F763FFF}.Debug|Any CPU.Build.0 = Debug|Any CPU
		{C810FBF4-E6A5-4451-80F6-B6F79F763FFF}.Release|Any CPU.ActiveCfg = Release|Any CPU
		{C810FBF4-E6A5-4451-80F6-B6F79F763FFF}.Release|Any CPU.Build.0 = Release|Any CPU
	EndGlobalSection
	GlobalSection(SolutionProperties) = preSolution
		HideSolutionNode = FALSE
	EndGlobalSection
	GlobalSection(ExtensibilityGlobals) = postSolution
		SolutionGuid = {A213872E-60CD-4F38-BED9-AFA1ECB2D78D}
	EndGlobalSection
EndGlobal
